
Microsoft Visual Studio Solution File, Format Version 12.00
# Visual Studio Version 17
VisualStudioVersion = 17.2.32630.192
MinimumVisualStudioVersion = 10.0.40219.1
Project("{FAE04EC0-301F-11D3-BF4B-00C04F79EFBC}") = "Employee", "Employee\Employee.csproj", "{B9D0D493-EEDF-466C-B046-DA0980895B45}"
EndProject
Global
	GlobalSection(SolutionConfigurationPlatforms) = preSolution
		Debug|Any CPU = Debug|Any CPU
		Release|Any CPU = Release|Any CPU
	EndGlobalSection
	GlobalSection(ProjectConfigurationPlatforms) = postSolution
		{B9D0D493-EEDF-466C-B046-DA0980895B45}.Debug|Any CPU.ActiveCfg = Debug|Any CPU
		{B9D0D493-EEDF-466C-B046-DA0980895B45}.Debug|Any CPU.Build.0 = Debug|Any CPU
		{B9D0D493-EEDF-466C-B046-DA0980895B45}.Release|Any CPU.ActiveCfg = Release|Any CPU
		{B9D0D493-EEDF-466C-B046-DA0980895B45}.Release|Any CPU.Build.0 = Release|Any CPU
	EndGlobalSection
	GlobalSection(SolutionProperties) = preSolution
		HideSolutionNode = FALSE
	EndGlobalSection
	GlobalSection(ExtensibilityGlobals) = postSolution
		SolutionGuid = {93CF79A8-86DE-435C-9134-8D3AC61C9905}
	EndGlobalSection
EndGlobal
